// !$*UTF8*$!
{
	archiveVersion = 1;
	classes = {
	};
	objectVersion = 46;
	objects = {

/* Begin PBXBuildFile section */
		8A3F27E7C631C9A8C60799F6 /* libPods-新城商业.a in Frameworks */ = {isa = PBXBuildFile; fileRef = 4DEEEBA4EB8478FC4DEA5081 /* libPods-新城商业.a */; };
		BE264E76F89FBF4F04DB1D31 /* libPods-新城商业UITests.a in Frameworks */ = {isa = PBXBuildFile; fileRef = 7D1743A6109C8F44949860EA /* libPods-新城商业UITests.a */; };
		C4038A561DD21AEE00E593CE /* XCTableView.m in Sources */ = {isa = PBXBuildFile; fileRef = C4038A551DD21AEE00E593CE /* XCTableView.m */; };
		C4038B6B1DC7936E0032EA7C /* XCInduContentCell.m in Sources */ = {isa = PBXBuildFile; fileRef = C4038B6A1DC7936E0032EA7C /* XCInduContentCell.m */; };
		C41165EC1DC701040012F928 /* XCInduHeaderView.m in Sources */ = {isa = PBXBuildFile; fileRef = C41165EB1DC701040012F928 /* XCInduHeaderView.m */; };
		C42646DE1D08E9370063C3DD /* NSArray+Log.m in Sources */ = {isa = PBXBuildFile; fileRef = C42646DD1D08E9370063C3DD /* NSArray+Log.m */; };
		C42646E11D08F88B0063C3DD /* XCBussNewsModel.m in Sources */ = {isa = PBXBuildFile; fileRef = C42646E01D08F88B0063C3DD /* XCBussNewsModel.m */; };
		C42646EA1D08FEBF0063C3DD /* XCLeftBarControl.m in Sources */ = {isa = PBXBuildFile; fileRef = C42646E41D08FEBF0063C3DD /* XCLeftBarControl.m */; };
		C42646EB1D08FEBF0063C3DD /* XCTabBarControl.m in Sources */ = {isa = PBXBuildFile; fileRef = C42646E61D08FEBF0063C3DD /* XCTabBarControl.m */; };
		C42646EC1D08FEBF0063C3DD /* XCTabBarController.m in Sources */ = {isa = PBXBuildFile; fileRef = C42646E81D08FEBF0063C3DD /* XCTabBarController.m */; };
		C42646EF1D0908310063C3DD /* XCLeftBarModel.m in Sources */ = {isa = PBXBuildFile; fileRef = C42646EE1D0908310063C3DD /* XCLeftBarModel.m */; };
		C428F22E1CCCE83800E8129B /* main.m in Sources */ = {isa = PBXBuildFile; fileRef = C428F22D1CCCE83800E8129B /* main.m */; };
		C428F2371CCCE83800E8129B /* Main.storyboard in Resources */ = {isa = PBXBuildFile; fileRef = C428F2351CCCE83800E8129B /* Main.storyboard */; };
		C428F2391CCCE83800E8129B /* Assets.xcassets in Resources */ = {isa = PBXBuildFile; fileRef = C428F2381CCCE83800E8129B /* Assets.xcassets */; };
		C428F23C1CCCE83800E8129B /* LaunchScreen.storyboard in Resources */ = {isa = PBXBuildFile; fileRef = C428F23A1CCCE83800E8129B /* LaunchScreen.storyboard */; };
		C428F2471CCCE83800E8129B /* ____Tests.m in Sources */ = {isa = PBXBuildFile; fileRef = C428F2461CCCE83800E8129B /* ____Tests.m */; };
		C428F2521CCCE83800E8129B /* ____UITests.m in Sources */ = {isa = PBXBuildFile; fileRef = C428F2511CCCE83800E8129B /* ____UITests.m */; };
		C428F26B1CCD12AB00E8129B /* AppDelegate.m in Sources */ = {isa = PBXBuildFile; fileRef = C428F2611CCD12AB00E8129B /* AppDelegate.m */; };
		C428F2761CCD240400E8129B /* XCBaseViewController.m in Sources */ = {isa = PBXBuildFile; fileRef = C428F2751CCD240400E8129B /* XCBaseViewController.m */; };
		C428F27F1CCD255000E8129B /* XCDataViewController.m in Sources */ = {isa = PBXBuildFile; fileRef = C428F27E1CCD255000E8129B /* XCDataViewController.m */; };
		C428F2851CCD256200E8129B /* XCInveViewController.m in Sources */ = {isa = PBXBuildFile; fileRef = C428F2841CCD256200E8129B /* XCInveViewController.m */; };
		C4320B4F1D3D1734003E08AB /* XCChannelHeaderView.m in Sources */ = {isa = PBXBuildFile; fileRef = C4320B4E1D3D1734003E08AB /* XCChannelHeaderView.m */; };
		C436D6AE1D3254BD00B3822D /* XCBaseChannelViewController.m in Sources */ = {isa = PBXBuildFile; fileRef = C436D6A91D3254BD00B3822D /* XCBaseChannelViewController.m */; };
		C436D6AF1D3254BD00B3822D /* XCChannelViewController.m in Sources */ = {isa = PBXBuildFile; fileRef = C436D6AB1D3254BD00B3822D /* XCChannelViewController.m */; };
		C44686691CD1FEBC009FF94D /* XCBussViewController.m in Sources */ = {isa = PBXBuildFile; fileRef = C44686641CD1FEBC009FF94D /* XCBussViewController.m */; };
		C446866A1CD1FEBC009FF94D /* XCTestViewController.m in Sources */ = {isa = PBXBuildFile; fileRef = C44686661CD1FEBC009FF94D /* XCTestViewController.m */; };
		C446866D1CD1FED4009FF94D /* XCBussTableViewCell.m in Sources */ = {isa = PBXBuildFile; fileRef = C446866C1CD1FED4009FF94D /* XCBussTableViewCell.m */; };
		C451DE8B1DBF974000B70A4E /* XCConstString.m in Sources */ = {isa = PBXBuildFile; fileRef = C451DE8A1DBF974000B70A4E /* XCConstString.m */; };
		C4547D361DC6069A00B9840E /* XCIconHeader.m in Sources */ = {isa = PBXBuildFile; fileRef = C4547D351DC6069A00B9840E /* XCIconHeader.m */; };
		C4547D391DC608AF00B9840E /* XCInduDetialModel.m in Sources */ = {isa = PBXBuildFile; fileRef = C4547D381DC608AF00B9840E /* XCInduDetialModel.m */; };
		C45E64101CD2154100455AAF /* XCBussCollectionViewCell.m in Sources */ = {isa = PBXBuildFile; fileRef = C45E640F1CD2154100455AAF /* XCBussCollectionViewCell.m */; };
		C4864AEB1D2E979800ED1469 /* XCBottonExtenController.m in Sources */ = {isa = PBXBuildFile; fileRef = C4864AE41D2E979800ED1469 /* XCBottonExtenController.m */; };
		C4864AED1D2E979800ED1469 /* XCPlayerViewController.m in Sources */ = {isa = PBXBuildFile; fileRef = C4864AE81D2E979800ED1469 /* XCPlayerViewController.m */; };
		C4864AF01D2EA03700ED1469 /* XCBottonNews.m in Sources */ = {isa = PBXBuildFile; fileRef = C4864AEF1D2EA03700ED1469 /* XCBottonNews.m */; };
		C49601C01DC396EC0080D51A /* XCInduViewController.m in Sources */ = {isa = PBXBuildFile; fileRef = C49601BD1DC396EC0080D51A /* XCInduViewController.m */; };
		C49601C31DC3972C0080D51A /* XCXCInduModel.m in Sources */ = {isa = PBXBuildFile; fileRef = C49601C21DC3972C0080D51A /* XCXCInduModel.m */; };
		C49651DB1D20196A009B4FD5 /* XCNewsDetialModel.m in Sources */ = {isa = PBXBuildFile; fileRef = C49651DA1D20196A009B4FD5 /* XCNewsDetialModel.m */; };
		C499AB591DCEDCFB003BCF56 /* XCInduService.m in Sources */ = {isa = PBXBuildFile; fileRef = C499AB581DCEDCFB003BCF56 /* XCInduService.m */; };
		C4A081A91DD18EFD005C3E74 /* XCRefreshHeader.m in Sources */ = {isa = PBXBuildFile; fileRef = C4A081A81DD18EFD005C3E74 /* XCRefreshHeader.m */; };
		C4A081B01DD190AA005C3E74 /* JRProgressHUD.m in Sources */ = {isa = PBXBuildFile; fileRef = C4A081AF1DD190AA005C3E74 /* JRProgressHUD.m */; };
		C4BE58631D070E5800A2A4FA /* XCBussDelegate.m in Sources */ = {isa = PBXBuildFile; fileRef = C4BE58621D070E5800A2A4FA /* XCBussDelegate.m */; };
		C4BE58661D07150C00A2A4FA /* XCBussVideoModel.m in Sources */ = {isa = PBXBuildFile; fileRef = C4BE58651D07150C00A2A4FA /* XCBussVideoModel.m */; };
		C4CACE3C1D42691F000DF296 /* XCChannelCell.m in Sources */ = {isa = PBXBuildFile; fileRef = C4CACE3B1D42691F000DF296 /* XCChannelCell.m */; };
		C4CDFDF61D0695C80016E864 /* XCNetWorkManager.m in Sources */ = {isa = PBXBuildFile; fileRef = C4CDFDF51D0695C80016E864 /* XCNetWorkManager.m */; };
		C4CDFDF91D069B720016E864 /* XCURLConstantString.m in Sources */ = {isa = PBXBuildFile; fileRef = C4CDFDF81D069B720016E864 /* XCURLConstantString.m */; };
		C4CE517B1D1192E1006BC136 /* XCNewsTableViewCell.m in Sources */ = {isa = PBXBuildFile; fileRef = C4CE517A1D1192E1006BC136 /* XCNewsTableViewCell.m */; };
		C4D3C05F1D2EA4A6007B9803 /* XCBottomNewCell.m in Sources */ = {isa = PBXBuildFile; fileRef = C4D3C05E1D2EA4A6007B9803 /* XCBottomNewCell.m */; };
		C4D3C0621D2EAEA0007B9803 /* XCRightExtenController.m in Sources */ = {isa = PBXBuildFile; fileRef = C4D3C0611D2EAEA0007B9803 /* XCRightExtenController.m */; };
		C4D3C0651D2EB4D1007B9803 /* XCRightVideo.m in Sources */ = {isa = PBXBuildFile; fileRef = C4D3C0641D2EB4D1007B9803 /* XCRightVideo.m */; };
		C4D6D4B01DC10D80002FDDFE /* XCResponse.m in Sources */ = {isa = PBXBuildFile; fileRef = C4D6D4AF1DC10D80002FDDFE /* XCResponse.m */; };
		C4F4A15A1D37CD1700E92E24 /* XCSubChannelController.m in Sources */ = {isa = PBXBuildFile; fileRef = C4F4A1591D37CD1700E92E24 /* XCSubChannelController.m */; };
		C4F4A15D1D37DA3400E92E24 /* XCChannelLog.m in Sources */ = {isa = PBXBuildFile; fileRef = C4F4A15C1D37DA3400E92E24 /* XCChannelLog.m */; };
		C4FC4A8D1D10387B00300CF6 /* XCNewsViewController.m in Sources */ = {isa = PBXBuildFile; fileRef = C4FC4A8C1D10387B00300CF6 /* XCNewsViewController.m */; };
		C4FC4A901D104D4200300CF6 /* XCNewsModel.m in Sources */ = {isa = PBXBuildFile; fileRef = C4FC4A8F1D104D4200300CF6 /* XCNewsModel.m */; };
		C4FD08761D1D6E7300C7AA94 /* XCNewsDetialViewController.m in Sources */ = {isa = PBXBuildFile; fileRef = C4FD08751D1D6E7300C7AA94 /* XCNewsDetialViewController.m */; };
		CC648F8143C8791D7DED02E8 /* libPods-新城商业Tests.a in Frameworks */ = {isa = PBXBuildFile; fileRef = 41D286C306C8916C9941A631 /* libPods-新城商业Tests.a */; };
/* End PBXBuildFile section */

/* Begin PBXContainerItemProxy section */
		C428F2431CCCE83800E8129B /* PBXContainerItemProxy */ = {
			isa = PBXContainerItemProxy;
			containerPortal = C428F2211CCCE83800E8129B /* Project object */;
			proxyType = 1;
			remoteGlobalIDString = C428F2281CCCE83800E8129B;
			remoteInfo = "新城商业";
		};
		C428F24E1CCCE83800E8129B /* PBXContainerItemProxy */ = {
			isa = PBXContainerItemProxy;
			containerPortal = C428F2211CCCE83800E8129B /* Project object */;
			proxyType = 1;
			remoteGlobalIDString = C428F2281CCCE83800E8129B;
			remoteInfo = "新城商业";
		};
/* End PBXContainerItemProxy section */

/* Begin PBXFileReference section */
		16408EA6089B790D6C5674E5 /* Pods-新城商业.debug.xcconfig */ = {isa = PBXFileReference; includeInIndex = 1; lastKnownFileType = text.xcconfig; name = "Pods-新城商业.debug.xcconfig"; path = "Pods/Target Support Files/Pods-新城商业/Pods-新城商业.debug.xcconfig"; sourceTree = "<group>"; };
		32344B1250765C7E377E683D /* Pods-新城商业Tests.debug.xcconfig */ = {isa = PBXFileReference; includeInIndex = 1; lastKnownFileType = text.xcconfig; name = "Pods-新城商业Tests.debug.xcconfig"; path = "Pods/Target Support Files/Pods-新城商业Tests/Pods-新城商业Tests.debug.xcconfig"; sourceTree = "<group>"; };
		41D286C306C8916C9941A631 /* libPods-新城商业Tests.a */ = {isa = PBXFileReference; explicitFileType = archive.ar; includeInIndex = 0; path = "libPods-新城商业Tests.a"; sourceTree = BUILT_PRODUCTS_DIR; };
		4DEEEBA4EB8478FC4DEA5081 /* libPods-新城商业.a */ = {isa = PBXFileReference; explicitFileType = archive.ar; includeInIndex = 0; path = "libPods-新城商业.a"; sourceTree = BUILT_PRODUCTS_DIR; };
		7D1743A6109C8F44949860EA /* libPods-新城商业UITests.a */ = {isa = PBXFileReference; explicitFileType = archive.ar; includeInIndex = 0; path = "libPods-新城商业UITests.a"; sourceTree = BUILT_PRODUCTS_DIR; };
		A7C7236CBA8CA5A574626590 /* Pods-新城商业UITests.release.xcconfig */ = {isa = PBXFileReference; includeInIndex = 1; lastKnownFileType = text.xcconfig; name = "Pods-新城商业UITests.release.xcconfig"; path = "Pods/Target Support Files/Pods-新城商业UITests/Pods-新城商业UITests.release.xcconfig"; sourceTree = "<group>"; };
		C4038A541DD21AEE00E593CE /* XCTableView.h */ = {isa = PBXFileReference; fileEncoding = 4; lastKnownFileType = sourcecode.c.h; path = XCTableView.h; sourceTree = "<group>"; };
		C4038A551DD21AEE00E593CE /* XCTableView.m */ = {isa = PBXFileReference; fileEncoding = 4; lastKnownFileType = sourcecode.c.objc; path = XCTableView.m; sourceTree = "<group>"; };
		C4038B691DC7936E0032EA7C /* XCInduContentCell.h */ = {isa = PBXFileReference; fileEncoding = 4; lastKnownFileType = sourcecode.c.h; path = XCInduContentCell.h; sourceTree = "<group>"; };
		C4038B6A1DC7936E0032EA7C /* XCInduContentCell.m */ = {isa = PBXFileReference; fileEncoding = 4; lastKnownFileType = sourcecode.c.objc; path = XCInduContentCell.m; sourceTree = "<group>"; };
		C41165EA1DC701040012F928 /* XCInduHeaderView.h */ = {isa = PBXFileReference; fileEncoding = 4; lastKnownFileType = sourcecode.c.h; path = XCInduHeaderView.h; sourceTree = "<group>"; };
		C41165EB1DC701040012F928 /* XCInduHeaderView.m */ = {isa = PBXFileReference; fileEncoding = 4; lastKnownFileType = sourcecode.c.objc; path = XCInduHeaderView.m; sourceTree = "<group>"; };
		C42646DC1D08E9370063C3DD /* NSArray+Log.h */ = {isa = PBXFileReference; fileEncoding = 4; lastKnownFileType = sourcecode.c.h; path = "NSArray+Log.h"; sourceTree = "<group>"; };
		C42646DD1D08E9370063C3DD /* NSArray+Log.m */ = {isa = PBXFileReference; fileEncoding = 4; lastKnownFileType = sourcecode.c.objc; path = "NSArray+Log.m"; sourceTree = "<group>"; };
		C42646DF1D08F88B0063C3DD /* XCBussNewsModel.h */ = {isa = PBXFileReference; fileEncoding = 4; lastKnownFileType = sourcecode.c.h; path = XCBussNewsModel.h; sourceTree = "<group>"; };
		C42646E01D08F88B0063C3DD /* XCBussNewsModel.m */ = {isa = PBXFileReference; fileEncoding = 4; lastKnownFileType = sourcecode.c.objc; path = XCBussNewsModel.m; sourceTree = "<group>"; };
		C42646E31D08FEBF0063C3DD /* XCLeftBarControl.h */ = {isa = PBXFileReference; fileEncoding = 4; lastKnownFileType = sourcecode.c.h; path = XCLeftBarControl.h; sourceTree = "<group>"; };
		C42646E41D08FEBF0063C3DD /* XCLeftBarControl.m */ = {isa = PBXFileReference; fileEncoding = 4; lastKnownFileType = sourcecode.c.objc; path = XCLeftBarControl.m; sourceTree = "<group>"; };
		C42646E51D08FEBF0063C3DD /* XCTabBarControl.h */ = {isa = PBXFileReference; fileEncoding = 4; lastKnownFileType = sourcecode.c.h; path = XCTabBarControl.h; sourceTree = "<group>"; };
		C42646E61D08FEBF0063C3DD /* XCTabBarControl.m */ = {isa = PBXFileReference; fileEncoding = 4; lastKnownFileType = sourcecode.c.objc; path = XCTabBarControl.m; sourceTree = "<group>"; };
		C42646E71D08FEBF0063C3DD /* XCTabBarController.h */ = {isa = PBXFileReference; fileEncoding = 4; lastKnownFileType = sourcecode.c.h; path = XCTabBarController.h; sourceTree = "<group>"; };
		C42646E81D08FEBF0063C3DD /* XCTabBarController.m */ = {isa = PBXFileReference; fileEncoding = 4; lastKnownFileType = sourcecode.c.objc; path = XCTabBarController.m; sourceTree = "<group>"; };
		C42646ED1D0908310063C3DD /* XCLeftBarModel.h */ = {isa = PBXFileReference; fileEncoding = 4; lastKnownFileType = sourcecode.c.h; path = XCLeftBarModel.h; sourceTree = "<group>"; };
		C42646EE1D0908310063C3DD /* XCLeftBarModel.m */ = {isa = PBXFileReference; fileEncoding = 4; lastKnownFileType = sourcecode.c.objc; path = XCLeftBarModel.m; sourceTree = "<group>"; };
		C428F2291CCCE83800E8129B /* 新城商业.app */ = {isa = PBXFileReference; explicitFileType = wrapper.application; includeInIndex = 0; path = "新城商业.app"; sourceTree = BUILT_PRODUCTS_DIR; };
		C428F22D1CCCE83800E8129B /* main.m */ = {isa = PBXFileReference; lastKnownFileType = sourcecode.c.objc; path = main.m; sourceTree = "<group>"; };
		C428F2361CCCE83800E8129B /* Base */ = {isa = PBXFileReference; lastKnownFileType = file.storyboard; name = Base; path = Base.lproj/Main.storyboard; sourceTree = "<group>"; };
		C428F2381CCCE83800E8129B /* Assets.xcassets */ = {isa = PBXFileReference; lastKnownFileType = folder.assetcatalog; path = Assets.xcassets; sourceTree = "<group>"; };
		C428F23B1CCCE83800E8129B /* Base */ = {isa = PBXFileReference; lastKnownFileType = file.storyboard; name = Base; path = Base.lproj/LaunchScreen.storyboard; sourceTree = "<group>"; };
		C428F23D1CCCE83800E8129B /* Info.plist */ = {isa = PBXFileReference; lastKnownFileType = text.plist.xml; path = Info.plist; sourceTree = "<group>"; };
		C428F2421CCCE83800E8129B /* 新城商业Tests.xctest */ = {isa = PBXFileReference; explicitFileType = wrapper.cfbundle; includeInIndex = 0; path = "新城商业Tests.xctest"; sourceTree = BUILT_PRODUCTS_DIR; };
		C428F2461CCCE83800E8129B /* ____Tests.m */ = {isa = PBXFileReference; lastKnownFileType = sourcecode.c.objc; path = "____Tests.m"; sourceTree = "<group>"; };
		C428F2481CCCE83800E8129B /* Info.plist */ = {isa = PBXFileReference; lastKnownFileType = text.plist.xml; path = Info.plist; sourceTree = "<group>"; };
		C428F24D1CCCE83800E8129B /* 新城商业UITests.xctest */ = {isa = PBXFileReference; explicitFileType = wrapper.cfbundle; includeInIndex = 0; path = "新城商业UITests.xctest"; sourceTree = BUILT_PRODUCTS_DIR; };
		C428F2511CCCE83800E8129B /* ____UITests.m */ = {isa = PBXFileReference; lastKnownFileType = sourcecode.c.objc; path = "____UITests.m"; sourceTree = "<group>"; };
		C428F2531CCCE83800E8129B /* Info.plist */ = {isa = PBXFileReference; lastKnownFileType = text.plist.xml; path = Info.plist; sourceTree = "<group>"; };
		C428F2601CCD12AB00E8129B /* AppDelegate.h */ = {isa = PBXFileReference; fileEncoding = 4; lastKnownFileType = sourcecode.c.h; path = AppDelegate.h; sourceTree = "<group>"; };
		C428F2611CCD12AB00E8129B /* AppDelegate.m */ = {isa = PBXFileReference; fileEncoding = 4; lastKnownFileType = sourcecode.c.objc; path = AppDelegate.m; sourceTree = "<group>"; };
		C428F2741CCD240400E8129B /* XCBaseViewController.h */ = {isa = PBXFileReference; fileEncoding = 4; lastKnownFileType = sourcecode.c.h; path = XCBaseViewController.h; sourceTree = "<group>"; };
		C428F2751CCD240400E8129B /* XCBaseViewController.m */ = {isa = PBXFileReference; fileEncoding = 4; lastKnownFileType = sourcecode.c.objc; path = XCBaseViewController.m; sourceTree = "<group>"; };
		C428F2781CCD247200E8129B /* PrefixHeader.pch */ = {isa = PBXFileReference; fileEncoding = 4; lastKnownFileType = sourcecode.c.h; path = PrefixHeader.pch; sourceTree = "<group>"; };
		C428F2791CCD24A200E8129B /* Header.h */ = {isa = PBXFileReference; lastKnownFileType = sourcecode.c.h; path = Header.h; sourceTree = "<group>"; };
		C428F27D1CCD255000E8129B /* XCDataViewController.h */ = {isa = PBXFileReference; fileEncoding = 4; lastKnownFileType = sourcecode.c.h; path = XCDataViewController.h; sourceTree = "<group>"; };
		C428F27E1CCD255000E8129B /* XCDataViewController.m */ = {isa = PBXFileReference; fileEncoding = 4; lastKnownFileType = sourcecode.c.objc; path = XCDataViewController.m; sourceTree = "<group>"; };
		C428F2831CCD256200E8129B /* XCInveViewController.h */ = {isa = PBXFileReference; fileEncoding = 4; lastKnownFileType = sourcecode.c.h; path = XCInveViewController.h; sourceTree = "<group>"; };
		C428F2841CCD256200E8129B /* XCInveViewController.m */ = {isa = PBXFileReference; fileEncoding = 4; lastKnownFileType = sourcecode.c.objc; path = XCInveViewController.m; sourceTree = "<group>"; };
		C4320B4D1D3D1734003E08AB /* XCChannelHeaderView.h */ = {isa = PBXFileReference; fileEncoding = 4; lastKnownFileType = sourcecode.c.h; path = XCChannelHeaderView.h; sourceTree = "<group>"; };
		C4320B4E1D3D1734003E08AB /* XCChannelHeaderView.m */ = {isa = PBXFileReference; fileEncoding = 4; lastKnownFileType = sourcecode.c.objc; path = XCChannelHeaderView.m; sourceTree = "<group>"; };
		C436D6A81D3254BD00B3822D /* XCBaseChannelViewController.h */ = {isa = PBXFileReference; fileEncoding = 4; lastKnownFileType = sourcecode.c.h; path = XCBaseChannelViewController.h; sourceTree = "<group>"; };
		C436D6A91D3254BD00B3822D /* XCBaseChannelViewController.m */ = {isa = PBXFileReference; fileEncoding = 4; lastKnownFileType = sourcecode.c.objc; path = XCBaseChannelViewController.m; sourceTree = "<group>"; };
		C436D6AA1D3254BD00B3822D /* XCChannelViewController.h */ = {isa = PBXFileReference; fileEncoding = 4; lastKnownFileType = sourcecode.c.h; path = XCChannelViewController.h; sourceTree = "<group>"; };
		C436D6AB1D3254BD00B3822D /* XCChannelViewController.m */ = {isa = PBXFileReference; fileEncoding = 4; lastKnownFileType = sourcecode.c.objc; path = XCChannelViewController.m; sourceTree = "<group>"; };
		C44686631CD1FEBC009FF94D /* XCBussViewController.h */ = {isa = PBXFileReference; fileEncoding = 4; lastKnownFileType = sourcecode.c.h; path = XCBussViewController.h; sourceTree = "<group>"; };
		C44686641CD1FEBC009FF94D /* XCBussViewController.m */ = {isa = PBXFileReference; fileEncoding = 4; lastKnownFileType = sourcecode.c.objc; path = XCBussViewController.m; sourceTree = "<group>"; };
		C44686651CD1FEBC009FF94D /* XCTestViewController.h */ = {isa = PBXFileReference; fileEncoding = 4; lastKnownFileType = sourcecode.c.h; path = XCTestViewController.h; sourceTree = "<group>"; };
		C44686661CD1FEBC009FF94D /* XCTestViewController.m */ = {isa = PBXFileReference; fileEncoding = 4; lastKnownFileType = sourcecode.c.objc; path = XCTestViewController.m; sourceTree = "<group>"; };
		C446866B1CD1FED4009FF94D /* XCBussTableViewCell.h */ = {isa = PBXFileReference; fileEncoding = 4; lastKnownFileType = sourcecode.c.h; path = XCBussTableViewCell.h; sourceTree = "<group>"; };
		C446866C1CD1FED4009FF94D /* XCBussTableViewCell.m */ = {isa = PBXFileReference; fileEncoding = 4; lastKnownFileType = sourcecode.c.objc; path = XCBussTableViewCell.m; sourceTree = "<group>"; };
		C451DE891DBF974000B70A4E /* XCConstString.h */ = {isa = PBXFileReference; fileEncoding = 4; lastKnownFileType = sourcecode.c.h; path = XCConstString.h; sourceTree = "<group>"; };
		C451DE8A1DBF974000B70A4E /* XCConstString.m */ = {isa = PBXFileReference; fileEncoding = 4; lastKnownFileType = sourcecode.c.objc; path = XCConstString.m; sourceTree = "<group>"; };
		C4547D341DC6069A00B9840E /* XCIconHeader.h */ = {isa = PBXFileReference; fileEncoding = 4; lastKnownFileType = sourcecode.c.h; path = XCIconHeader.h; sourceTree = "<group>"; };
		C4547D351DC6069A00B9840E /* XCIconHeader.m */ = {isa = PBXFileReference; fileEncoding = 4; lastKnownFileType = sourcecode.c.objc; path = XCIconHeader.m; sourceTree = "<group>"; };
		C4547D371DC608AF00B9840E /* XCInduDetialModel.h */ = {isa = PBXFileReference; fileEncoding = 4; lastKnownFileType = sourcecode.c.h; path = XCInduDetialModel.h; sourceTree = "<group>"; };
		C4547D381DC608AF00B9840E /* XCInduDetialModel.m */ = {isa = PBXFileReference; fileEncoding = 4; lastKnownFileType = sourcecode.c.objc; path = XCInduDetialModel.m; sourceTree = "<group>"; };
		C45E640E1CD2154100455AAF /* XCBussCollectionViewCell.h */ = {isa = PBXFileReference; fileEncoding = 4; lastKnownFileType = sourcecode.c.h; path = XCBussCollectionViewCell.h; sourceTree = "<group>"; };
		C45E640F1CD2154100455AAF /* XCBussCollectionViewCell.m */ = {isa = PBXFileReference; fileEncoding = 4; lastKnownFileType = sourcecode.c.objc; path = XCBussCollectionViewCell.m; sourceTree = "<group>"; };
		C4864AE31D2E979800ED1469 /* XCBottonExtenController.h */ = {isa = PBXFileReference; fileEncoding = 4; lastKnownFileType = sourcecode.c.h; path = XCBottonExtenController.h; sourceTree = "<group>"; };
		C4864AE41D2E979800ED1469 /* XCBottonExtenController.m */ = {isa = PBXFileReference; fileEncoding = 4; lastKnownFileType = sourcecode.c.objc; path = XCBottonExtenController.m; sourceTree = "<group>"; };
		C4864AE71D2E979800ED1469 /* XCPlayerViewController.h */ = {isa = PBXFileReference; fileEncoding = 4; lastKnownFileType = sourcecode.c.h; path = XCPlayerViewController.h; sourceTree = "<group>"; };
		C4864AE81D2E979800ED1469 /* XCPlayerViewController.m */ = {isa = PBXFileReference; fileEncoding = 4; lastKnownFileType = sourcecode.c.objc; path = XCPlayerViewController.m; sourceTree = "<group>"; };
		C4864AEE1D2EA03700ED1469 /* XCBottonNews.h */ = {isa = PBXFileReference; fileEncoding = 4; lastKnownFileType = sourcecode.c.h; path = XCBottonNews.h; sourceTree = "<group>"; };
		C4864AEF1D2EA03700ED1469 /* XCBottonNews.m */ = {isa = PBXFileReference; fileEncoding = 4; lastKnownFileType = sourcecode.c.objc; path = XCBottonNews.m; sourceTree = "<group>"; };
		C49601BC1DC396EC0080D51A /* XCInduViewController.h */ = {isa = PBXFileReference; fileEncoding = 4; lastKnownFileType = sourcecode.c.h; path = XCInduViewController.h; sourceTree = "<group>"; };
		C49601BD1DC396EC0080D51A /* XCInduViewController.m */ = {isa = PBXFileReference; fileEncoding = 4; lastKnownFileType = sourcecode.c.objc; path = XCInduViewController.m; sourceTree = "<group>"; };
		C49601C11DC3972C0080D51A /* XCXCInduModel.h */ = {isa = PBXFileReference; fileEncoding = 4; lastKnownFileType = sourcecode.c.h; path = XCXCInduModel.h; sourceTree = "<group>"; };
		C49601C21DC3972C0080D51A /* XCXCInduModel.m */ = {isa = PBXFileReference; fileEncoding = 4; lastKnownFileType = sourcecode.c.objc; path = XCXCInduModel.m; sourceTree = "<group>"; };
		C49651D91D20196A009B4FD5 /* XCNewsDetialModel.h */ = {isa = PBXFileReference; fileEncoding = 4; lastKnownFileType = sourcecode.c.h; path = XCNewsDetialModel.h; sourceTree = "<group>"; };
		C49651DA1D20196A009B4FD5 /* XCNewsDetialModel.m */ = {isa = PBXFileReference; fileEncoding = 4; lastKnownFileType = sourcecode.c.objc; path = XCNewsDetialModel.m; sourceTree = "<group>"; };
		C499AB571DCEDCFB003BCF56 /* XCInduService.h */ = {isa = PBXFileReference; fileEncoding = 4; lastKnownFileType = sourcecode.c.h; path = XCInduService.h; sourceTree = "<group>"; };
		C499AB581DCEDCFB003BCF56 /* XCInduService.m */ = {isa = PBXFileReference; fileEncoding = 4; lastKnownFileType = sourcecode.c.objc; path = XCInduService.m; sourceTree = "<group>"; };
		C4A081A71DD18EFD005C3E74 /* XCRefreshHeader.h */ = {isa = PBXFileReference; fileEncoding = 4; lastKnownFileType = sourcecode.c.h; path = XCRefreshHeader.h; sourceTree = "<group>"; };
		C4A081A81DD18EFD005C3E74 /* XCRefreshHeader.m */ = {isa = PBXFileReference; fileEncoding = 4; lastKnownFileType = sourcecode.c.objc; path = XCRefreshHeader.m; sourceTree = "<group>"; };
		C4A081AE1DD190AA005C3E74 /* JRProgressHUD.h */ = {isa = PBXFileReference; fileEncoding = 4; lastKnownFileType = sourcecode.c.h; path = JRProgressHUD.h; sourceTree = "<group>"; };
		C4A081AF1DD190AA005C3E74 /* JRProgressHUD.m */ = {isa = PBXFileReference; fileEncoding = 4; lastKnownFileType = sourcecode.c.objc; path = JRProgressHUD.m; sourceTree = "<group>"; };
		C4BE58611D070E5800A2A4FA /* XCBussDelegate.h */ = {isa = PBXFileReference; fileEncoding = 4; lastKnownFileType = sourcecode.c.h; path = XCBussDelegate.h; sourceTree = "<group>"; };
		C4BE58621D070E5800A2A4FA /* XCBussDelegate.m */ = {isa = PBXFileReference; fileEncoding = 4; lastKnownFileType = sourcecode.c.objc; path = XCBussDelegate.m; sourceTree = "<group>"; };
		C4BE58641D07150C00A2A4FA /* XCBussVideoModel.h */ = {isa = PBXFileReference; fileEncoding = 4; lastKnownFileType = sourcecode.c.h; path = XCBussVideoModel.h; sourceTree = "<group>"; };
		C4BE58651D07150C00A2A4FA /* XCBussVideoModel.m */ = {isa = PBXFileReference; fileEncoding = 4; lastKnownFileType = sourcecode.c.objc; path = XCBussVideoModel.m; sourceTree = "<group>"; };
		C4CACE3A1D42691F000DF296 /* XCChannelCell.h */ = {isa = PBXFileReference; fileEncoding = 4; lastKnownFileType = sourcecode.c.h; path = XCChannelCell.h; sourceTree = "<group>"; };
		C4CACE3B1D42691F000DF296 /* XCChannelCell.m */ = {isa = PBXFileReference; fileEncoding = 4; lastKnownFileType = sourcecode.c.objc; path = XCChannelCell.m; sourceTree = "<group>"; };
		C4CDFDF41D0695C80016E864 /* XCNetWorkManager.h */ = {isa = PBXFileReference; fileEncoding = 4; lastKnownFileType = sourcecode.c.h; path = XCNetWorkManager.h; sourceTree = "<group>"; };
		C4CDFDF51D0695C80016E864 /* XCNetWorkManager.m */ = {isa = PBXFileReference; fileEncoding = 4; lastKnownFileType = sourcecode.c.objc; path = XCNetWorkManager.m; sourceTree = "<group>"; };
		C4CDFDF71D069B720016E864 /* XCURLConstantString.h */ = {isa = PBXFileReference; fileEncoding = 4; lastKnownFileType = sourcecode.c.h; path = XCURLConstantString.h; sourceTree = "<group>"; };
		C4CDFDF81D069B720016E864 /* XCURLConstantString.m */ = {isa = PBXFileReference; fileEncoding = 4; lastKnownFileType = sourcecode.c.objc; path = XCURLConstantString.m; sourceTree = "<group>"; };
		C4CE51791D1192E1006BC136 /* XCNewsTableViewCell.h */ = {isa = PBXFileReference; fileEncoding = 4; lastKnownFileType = sourcecode.c.h; path = XCNewsTableViewCell.h; sourceTree = "<group>"; };
		C4CE517A1D1192E1006BC136 /* XCNewsTableViewCell.m */ = {isa = PBXFileReference; fileEncoding = 4; lastKnownFileType = sourcecode.c.objc; path = XCNewsTableViewCell.m; sourceTree = "<group>"; };
		C4D3C05D1D2EA4A6007B9803 /* XCBottomNewCell.h */ = {isa = PBXFileReference; fileEncoding = 4; lastKnownFileType = sourcecode.c.h; path = XCBottomNewCell.h; sourceTree = "<group>"; };
		C4D3C05E1D2EA4A6007B9803 /* XCBottomNewCell.m */ = {isa = PBXFileReference; fileEncoding = 4; lastKnownFileType = sourcecode.c.objc; path = XCBottomNewCell.m; sourceTree = "<group>"; };
		C4D3C0601D2EAEA0007B9803 /* XCRightExtenController.h */ = {isa = PBXFileReference; fileEncoding = 4; lastKnownFileType = sourcecode.c.h; path = XCRightExtenController.h; sourceTree = "<group>"; };
		C4D3C0611D2EAEA0007B9803 /* XCRightExtenController.m */ = {isa = PBXFileReference; fileEncoding = 4; lastKnownFileType = sourcecode.c.objc; path = XCRightExtenController.m; sourceTree = "<group>"; };
		C4D3C0631D2EB4D1007B9803 /* XCRightVideo.h */ = {isa = PBXFileReference; fileEncoding = 4; lastKnownFileType = sourcecode.c.h; path = XCRightVideo.h; sourceTree = "<group>"; };
		C4D3C0641D2EB4D1007B9803 /* XCRightVideo.m */ = {isa = PBXFileReference; fileEncoding = 4; lastKnownFileType = sourcecode.c.objc; path = XCRightVideo.m; sourceTree = "<group>"; };
		C4D6D4AE1DC10D80002FDDFE /* XCResponse.h */ = {isa = PBXFileReference; fileEncoding = 4; lastKnownFileType = sourcecode.c.h; path = XCResponse.h; sourceTree = "<group>"; };
		C4D6D4AF1DC10D80002FDDFE /* XCResponse.m */ = {isa = PBXFileReference; fileEncoding = 4; lastKnownFileType = sourcecode.c.objc; path = XCResponse.m; sourceTree = "<group>"; };
		C4F4A1581D37CD1700E92E24 /* XCSubChannelController.h */ = {isa = PBXFileReference; fileEncoding = 4; lastKnownFileType = sourcecode.c.h; path = XCSubChannelController.h; sourceTree = "<group>"; };
		C4F4A1591D37CD1700E92E24 /* XCSubChannelController.m */ = {isa = PBXFileReference; fileEncoding = 4; lastKnownFileType = sourcecode.c.objc; path = XCSubChannelController.m; sourceTree = "<group>"; };
		C4F4A15B1D37DA3400E92E24 /* XCChannelLog.h */ = {isa = PBXFileReference; fileEncoding = 4; lastKnownFileType = sourcecode.c.h; path = XCChannelLog.h; sourceTree = "<group>"; };
		C4F4A15C1D37DA3400E92E24 /* XCChannelLog.m */ = {isa = PBXFileReference; fileEncoding = 4; lastKnownFileType = sourcecode.c.objc; path = XCChannelLog.m; sourceTree = "<group>"; };
		C4FC4A8B1D10387B00300CF6 /* XCNewsViewController.h */ = {isa = PBXFileReference; fileEncoding = 4; lastKnownFileType = sourcecode.c.h; path = XCNewsViewController.h; sourceTree = "<group>"; };
		C4FC4A8C1D10387B00300CF6 /* XCNewsViewController.m */ = {isa = PBXFileReference; fileEncoding = 4; lastKnownFileType = sourcecode.c.objc; path = XCNewsViewController.m; sourceTree = "<group>"; };
		C4FC4A8E1D104D4200300CF6 /* XCNewsModel.h */ = {isa = PBXFileReference; fileEncoding = 4; lastKnownFileType = sourcecode.c.h; path = XCNewsModel.h; sourceTree = "<group>"; };
		C4FC4A8F1D104D4200300CF6 /* XCNewsModel.m */ = {isa = PBXFileReference; fileEncoding = 4; lastKnownFileType = sourcecode.c.objc; path = XCNewsModel.m; sourceTree = "<group>"; };
		C4FD08741D1D6E7300C7AA94 /* XCNewsDetialViewController.h */ = {isa = PBXFileReference; fileEncoding = 4; lastKnownFileType = sourcecode.c.h; path = XCNewsDetialViewController.h; sourceTree = "<group>"; };
		C4FD08751D1D6E7300C7AA94 /* XCNewsDetialViewController.m */ = {isa = PBXFileReference; fileEncoding = 4; lastKnownFileType = sourcecode.c.objc; path = XCNewsDetialViewController.m; sourceTree = "<group>"; };
		C9AA8843B72E70024827FCCF /* Pods-新城商业Tests.release.xcconfig */ = {isa = PBXFileReference; includeInIndex = 1; lastKnownFileType = text.xcconfig; name = "Pods-新城商业Tests.release.xcconfig"; path = "Pods/Target Support Files/Pods-新城商业Tests/Pods-新城商业Tests.release.xcconfig"; sourceTree = "<group>"; };
		F51E4FC3D636DE8B0211F98F /* Pods-新城商业UITests.debug.xcconfig */ = {isa = PBXFileReference; includeInIndex = 1; lastKnownFileType = text.xcconfig; name = "Pods-新城商业UITests.debug.xcconfig"; path = "Pods/Target Support Files/Pods-新城商业UITests/Pods-新城商业UITests.debug.xcconfig"; sourceTree = "<group>"; };
		FE5D20A9E7292B3F8FB8C381 /* Pods-新城商业.release.xcconfig */ = {isa = PBXFileReference; includeInIndex = 1; lastKnownFileType = text.xcconfig; name = "Pods-新城商业.release.xcconfig"; path = "Pods/Target Support Files/Pods-新城商业/Pods-新城商业.release.xcconfig"; sourceTree = "<group>"; };
/* End PBXFileReference section */

/* Begin PBXFrameworksBuildPhase section */
		C428F2261CCCE83800E8129B /* Frameworks */ = {
			isa = PBXFrameworksBuildPhase;
			buildActionMask = 2147483647;
			files = (
				8A3F27E7C631C9A8C60799F6 /* libPods-新城商业.a in Frameworks */,
			);
			runOnlyForDeploymentPostprocessing = 0;
		};
		C428F23F1CCCE83800E8129B /* Frameworks */ = {
			isa = PBXFrameworksBuildPhase;
			buildActionMask = 2147483647;
			files = (
				CC648F8143C8791D7DED02E8 /* libPods-新城商业Tests.a in Frameworks */,
			);
			runOnlyForDeploymentPostprocessing = 0;
		};
		C428F24A1CCCE83800E8129B /* Frameworks */ = {
			isa = PBXFrameworksBuildPhase;
			buildActionMask = 2147483647;
			files = (
				BE264E76F89FBF4F04DB1D31 /* libPods-新城商业UITests.a in Frameworks */,
			);
			runOnlyForDeploymentPostprocessing = 0;
		};
/* End PBXFrameworksBuildPhase section */

/* Begin PBXGroup section */
		277D36A70BD2D8502B286A45 /* Pods */ = {
			isa = PBXGroup;
			children = (
				16408EA6089B790D6C5674E5 /* Pods-新城商业.debug.xcconfig */,
				FE5D20A9E7292B3F8FB8C381 /* Pods-新城商业.release.xcconfig */,
				32344B1250765C7E377E683D /* Pods-新城商业Tests.debug.xcconfig */,
				C9AA8843B72E70024827FCCF /* Pods-新城商业Tests.release.xcconfig */,
				F51E4FC3D636DE8B0211F98F /* Pods-新城商业UITests.debug.xcconfig */,
				A7C7236CBA8CA5A574626590 /* Pods-新城商业UITests.release.xcconfig */,
			);
			name = Pods;
			sourceTree = "<group>";
		};
		5CCAE73BBEDEFB73BDDA14D8 /* Frameworks */ = {
			isa = PBXGroup;
			children = (
				4DEEEBA4EB8478FC4DEA5081 /* libPods-新城商业.a */,
				41D286C306C8916C9941A631 /* libPods-新城商业Tests.a */,
				7D1743A6109C8F44949860EA /* libPods-新城商业UITests.a */,
			);
			name = Frameworks;
			sourceTree = "<group>";
		};
		C41165E91DC700EB0012F928 /* Cells */ = {
			isa = PBXGroup;
			children = (
				C41165EA1DC701040012F928 /* XCInduHeaderView.h */,
				C41165EB1DC701040012F928 /* XCInduHeaderView.m */,
				C4038B691DC7936E0032EA7C /* XCInduContentCell.h */,
				C4038B6A1DC7936E0032EA7C /* XCInduContentCell.m */,
			);
			path = Cells;
			sourceTree = "<group>";
		};
		C42646DB1D08E9370063C3DD /* Log */ = {
			isa = PBXGroup;
			children = (
				C42646DC1D08E9370063C3DD /* NSArray+Log.h */,
				C42646DD1D08E9370063C3DD /* NSArray+Log.m */,
			);
			path = Log;
			sourceTree = "<group>";
		};
		C42646E21D08FEBF0063C3DD /* Controllers */ = {
			isa = PBXGroup;
			children = (
				C42646E31D08FEBF0063C3DD /* XCLeftBarControl.h */,
				C42646E41D08FEBF0063C3DD /* XCLeftBarControl.m */,
				C42646E51D08FEBF0063C3DD /* XCTabBarControl.h */,
				C42646E61D08FEBF0063C3DD /* XCTabBarControl.m */,
				C42646E71D08FEBF0063C3DD /* XCTabBarController.h */,
				C42646E81D08FEBF0063C3DD /* XCTabBarController.m */,
			);
			path = Controllers;
			sourceTree = "<group>";
		};
		C42646E91D08FEBF0063C3DD /* Models */ = {
			isa = PBXGroup;
			children = (
				C42646ED1D0908310063C3DD /* XCLeftBarModel.h */,
				C42646EE1D0908310063C3DD /* XCLeftBarModel.m */,
			);
			path = Models;
			sourceTree = "<group>";
		};
		C42646F01D090FE00063C3DD /* Views */ = {
			isa = PBXGroup;
			children = (
			);
			path = Views;
			sourceTree = "<group>";
		};
		C428F2201CCCE83800E8129B = {
			isa = PBXGroup;
			children = (
				C428F22B1CCCE83800E8129B /* 新城商业 */,
				C428F2451CCCE83800E8129B /* 新城商业Tests */,
				C428F2501CCCE83800E8129B /* 新城商业UITests */,
				C428F22A1CCCE83800E8129B /* Products */,
				277D36A70BD2D8502B286A45 /* Pods */,
				5CCAE73BBEDEFB73BDDA14D8 /* Frameworks */,
			);
			sourceTree = "<group>";
		};
		C428F22A1CCCE83800E8129B /* Products */ = {
			isa = PBXGroup;
			children = (
				C428F2291CCCE83800E8129B /* 新城商业.app */,
				C428F2421CCCE83800E8129B /* 新城商业Tests.xctest */,
				C428F24D1CCCE83800E8129B /* 新城商业UITests.xctest */,
			);
			name = Products;
			sourceTree = "<group>";
		};
		C428F22B1CCCE83800E8129B /* 新城商业 */ = {
			isa = PBXGroup;
			children = (
				C428F25F1CCD12AB00E8129B /* Classes */,
				C428F22C1CCCE83800E8129B /* Supporting Files */,
			);
			path = "新城商业";
			sourceTree = "<group>";
		};
		C428F22C1CCCE83800E8129B /* Supporting Files */ = {
			isa = PBXGroup;
			children = (
				C428F2351CCCE83800E8129B /* Main.storyboard */,
				C428F2381CCCE83800E8129B /* Assets.xcassets */,
				C428F23A1CCCE83800E8129B /* LaunchScreen.storyboard */,
				C428F23D1CCCE83800E8129B /* Info.plist */,
				C428F22D1CCCE83800E8129B /* main.m */,
			);
			name = "Supporting Files";
			sourceTree = "<group>";
		};
		C428F2451CCCE83800E8129B /* 新城商业Tests */ = {
			isa = PBXGroup;
			children = (
				C428F2461CCCE83800E8129B /* ____Tests.m */,
				C428F2481CCCE83800E8129B /* Info.plist */,
			);
			path = "新城商业Tests";
			sourceTree = "<group>";
		};
		C428F2501CCCE83800E8129B /* 新城商业UITests */ = {
			isa = PBXGroup;
			children = (
				C428F2511CCCE83800E8129B /* ____UITests.m */,
				C428F2531CCCE83800E8129B /* Info.plist */,
			);
			path = "新城商业UITests";
			sourceTree = "<group>";
		};
		C428F25F1CCD12AB00E8129B /* Classes */ = {
			isa = PBXGroup;
			children = (
				C428F2601CCD12AB00E8129B /* AppDelegate.h */,
				C428F2611CCD12AB00E8129B /* AppDelegate.m */,
				C428F2691CCD12AB00E8129B /* Main */,
				C428F26A1CCD12AB00E8129B /* Tools */,
				C428F2621CCD12AB00E8129B /* Basic(基类) */,
				C4FC4A831D10381300300CF6 /* NeswPlayer */,
				C4FC4A871D10381300300CF6 /* VideoPlayer */,
				C428F2651CCD12AB00E8129B /* Business(新城商业) */,
				C428F2661CCD12AB00E8129B /* Database(数据库) */,
				C428F2671CCD12AB00E8129B /* Industry(行业矩阵) */,
				C428F2681CCD12AB00E8129B /* Invest(投资界) */,
				C4CA73C91CE0A1350091733B /* Channel(频道) */,
				C428F2771CCD247200E8129B /* SupportFile */,
			);
			path = Classes;
			sourceTree = "<group>";
		};
		C428F2621CCD12AB00E8129B /* Basic(基类) */ = {
			isa = PBXGroup;
			children = (
				C428F2741CCD240400E8129B /* XCBaseViewController.h */,
				C428F2751CCD240400E8129B /* XCBaseViewController.m */,
				C4A081A71DD18EFD005C3E74 /* XCRefreshHeader.h */,
				C4A081A81DD18EFD005C3E74 /* XCRefreshHeader.m */,
				C4038A541DD21AEE00E593CE /* XCTableView.h */,
				C4038A551DD21AEE00E593CE /* XCTableView.m */,
			);
			name = "Basic(基类)";
			path = Basic;
			sourceTree = "<group>";
		};
		C428F2651CCD12AB00E8129B /* Business(新城商业) */ = {
			isa = PBXGroup;
			children = (
				C44686621CD1FEBC009FF94D /* Controller */,
				C44686671CD1FEBC009FF94D /* Model */,
				C44686681CD1FEBC009FF94D /* View */,
			);
			name = "Business(新城商业)";
			path = Business;
			sourceTree = "<group>";
		};
		C428F2661CCD12AB00E8129B /* Database(数据库) */ = {
			isa = PBXGroup;
			children = (
				C428F27D1CCD255000E8129B /* XCDataViewController.h */,
				C428F27E1CCD255000E8129B /* XCDataViewController.m */,
			);
			name = "Database(数据库)";
			path = Database;
			sourceTree = "<group>";
		};
		C428F2671CCD12AB00E8129B /* Industry(行业矩阵) */ = {
			isa = PBXGroup;
			children = (
				C49601BB1DC396EC0080D51A /* Controllers */,
				C49601BE1DC396EC0080D51A /* Models */,
				C49601BF1DC396EC0080D51A /* Views */,
				C41165E91DC700EB0012F928 /* Cells */,
			);
			name = "Industry(行业矩阵)";
			path = Industry;
			sourceTree = "<group>";
		};
		C428F2681CCD12AB00E8129B /* Invest(投资界) */ = {
			isa = PBXGroup;
			children = (
				C428F2831CCD256200E8129B /* XCInveViewController.h */,
				C428F2841CCD256200E8129B /* XCInveViewController.m */,
			);
			name = "Invest(投资界)";
			path = Invest;
			sourceTree = "<group>";
		};
		C428F2691CCD12AB00E8129B /* Main */ = {
			isa = PBXGroup;
			children = (
				C42646E21D08FEBF0063C3DD /* Controllers */,
				C42646E91D08FEBF0063C3DD /* Models */,
				C42646F01D090FE00063C3DD /* Views */,
			);
			path = Main;
			sourceTree = "<group>";
		};
		C428F26A1CCD12AB00E8129B /* Tools */ = {
			isa = PBXGroup;
			children = (
				C4A081AD1DD190AA005C3E74 /* JRProgressHUD */,
				C42646DB1D08E9370063C3DD /* Log */,
				C4CDFDF01D06949A0016E864 /* NetworkTools */,
			);
			path = Tools;
			sourceTree = "<group>";
		};
		C428F2771CCD247200E8129B /* SupportFile */ = {
			isa = PBXGroup;
			children = (
				C428F2791CCD24A200E8129B /* Header.h */,
				C428F2781CCD247200E8129B /* PrefixHeader.pch */,
				C451DE891DBF974000B70A4E /* XCConstString.h */,
				C451DE8A1DBF974000B70A4E /* XCConstString.m */,
			);
			path = SupportFile;
			sourceTree = "<group>";
		};
		C4320B4C1D3D16F7003E08AB /* Views */ = {
			isa = PBXGroup;
			children = (
				C4320B4D1D3D1734003E08AB /* XCChannelHeaderView.h */,
				C4320B4E1D3D1734003E08AB /* XCChannelHeaderView.m */,
				C4CACE3A1D42691F000DF296 /* XCChannelCell.h */,
				C4CACE3B1D42691F000DF296 /* XCChannelCell.m */,
			);
			path = Views;
			sourceTree = "<group>";
		};
		C436D6A71D3254BD00B3822D /* Controllers */ = {
			isa = PBXGroup;
			children = (
				C436D6AA1D3254BD00B3822D /* XCChannelViewController.h */,
				C436D6AB1D3254BD00B3822D /* XCChannelViewController.m */,
				C436D6A81D3254BD00B3822D /* XCBaseChannelViewController.h */,
				C436D6A91D3254BD00B3822D /* XCBaseChannelViewController.m */,
				C4F4A1581D37CD1700E92E24 /* XCSubChannelController.h */,
				C4F4A1591D37CD1700E92E24 /* XCSubChannelController.m */,
			);
			path = Controllers;
			sourceTree = "<group>";
		};
		C436D6AC1D3254BD00B3822D /* Models */ = {
			isa = PBXGroup;
			children = (
				C4F4A15B1D37DA3400E92E24 /* XCChannelLog.h */,
				C4F4A15C1D37DA3400E92E24 /* XCChannelLog.m */,
			);
			path = Models;
			sourceTree = "<group>";
		};
		C44686621CD1FEBC009FF94D /* Controller */ = {
			isa = PBXGroup;
			children = (
				C44686631CD1FEBC009FF94D /* XCBussViewController.h */,
				C44686641CD1FEBC009FF94D /* XCBussViewController.m */,
				C4BE58611D070E5800A2A4FA /* XCBussDelegate.h */,
				C4BE58621D070E5800A2A4FA /* XCBussDelegate.m */,
				C44686651CD1FEBC009FF94D /* XCTestViewController.h */,
				C44686661CD1FEBC009FF94D /* XCTestViewController.m */,
			);
			path = Controller;
			sourceTree = "<group>";
		};
		C44686671CD1FEBC009FF94D /* Model */ = {
			isa = PBXGroup;
			children = (
				C4BE58641D07150C00A2A4FA /* XCBussVideoModel.h */,
				C4BE58651D07150C00A2A4FA /* XCBussVideoModel.m */,
				C42646DF1D08F88B0063C3DD /* XCBussNewsModel.h */,
				C42646E01D08F88B0063C3DD /* XCBussNewsModel.m */,
			);
			path = Model;
			sourceTree = "<group>";
		};
		C44686681CD1FEBC009FF94D /* View */ = {
			isa = PBXGroup;
			children = (
				C446866B1CD1FED4009FF94D /* XCBussTableViewCell.h */,
				C446866C1CD1FED4009FF94D /* XCBussTableViewCell.m */,
				C45E640E1CD2154100455AAF /* XCBussCollectionViewCell.h */,
				C45E640F1CD2154100455AAF /* XCBussCollectionViewCell.m */,
			);
			path = View;
			sourceTree = "<group>";
		};
		C4864AE21D2E979800ED1469 /* Controllers */ = {
			isa = PBXGroup;
			children = (
				C4864AE71D2E979800ED1469 /* XCPlayerViewController.h */,
				C4864AE81D2E979800ED1469 /* XCPlayerViewController.m */,
				C4864AE31D2E979800ED1469 /* XCBottonExtenController.h */,
				C4864AE41D2E979800ED1469 /* XCBottonExtenController.m */,
				C4D3C0601D2EAEA0007B9803 /* XCRightExtenController.h */,
				C4D3C0611D2EAEA0007B9803 /* XCRightExtenController.m */,
			);
			path = Controllers;
			sourceTree = "<group>";
		};
		C4864AE91D2E979800ED1469 /* Models */ = {
			isa = PBXGroup;
			children = (
				C4864AEE1D2EA03700ED1469 /* XCBottonNews.h */,
				C4864AEF1D2EA03700ED1469 /* XCBottonNews.m */,
				C4D3C0631D2EB4D1007B9803 /* XCRightVideo.h */,
				C4D3C0641D2EB4D1007B9803 /* XCRightVideo.m */,
			);
			path = Models;
			sourceTree = "<group>";
		};
		C4864AEA1D2E979800ED1469 /* Views */ = {
			isa = PBXGroup;
			children = (
				C4D3C05D1D2EA4A6007B9803 /* XCBottomNewCell.h */,
				C4D3C05E1D2EA4A6007B9803 /* XCBottomNewCell.m */,
			);
			path = Views;
			sourceTree = "<group>";
		};
		C49601BB1DC396EC0080D51A /* Controllers */ = {
			isa = PBXGroup;
			children = (
				C49601BC1DC396EC0080D51A /* XCInduViewController.h */,
				C49601BD1DC396EC0080D51A /* XCInduViewController.m */,
				C499AB571DCEDCFB003BCF56 /* XCInduService.h */,
				C499AB581DCEDCFB003BCF56 /* XCInduService.m */,
			);
			path = Controllers;
			sourceTree = "<group>";
		};
		C49601BE1DC396EC0080D51A /* Models */ = {
			isa = PBXGroup;
			children = (
				C49601C11DC3972C0080D51A /* XCXCInduModel.h */,
				C49601C21DC3972C0080D51A /* XCXCInduModel.m */,
				C4547D371DC608AF00B9840E /* XCInduDetialModel.h */,
				C4547D381DC608AF00B9840E /* XCInduDetialModel.m */,
			);
			path = Models;
			sourceTree = "<group>";
		};
		C49601BF1DC396EC0080D51A /* Views */ = {
			isa = PBXGroup;
			children = (
				C4547D341DC6069A00B9840E /* XCIconHeader.h */,
				C4547D351DC6069A00B9840E /* XCIconHeader.m */,
			);
			path = Views;
			sourceTree = "<group>";
		};
		C4A081AD1DD190AA005C3E74 /* JRProgressHUD */ = {
			isa = PBXGroup;
			children = (
				C4A081AE1DD190AA005C3E74 /* JRProgressHUD.h */,
				C4A081AF1DD190AA005C3E74 /* JRProgressHUD.m */,
			);
			path = JRProgressHUD;
			sourceTree = "<group>";
		};
		C4CA73C91CE0A1350091733B /* Channel(频道) */ = {
			isa = PBXGroup;
			children = (
				C436D6A71D3254BD00B3822D /* Controllers */,
				C436D6AC1D3254BD00B3822D /* Models */,
				C4320B4C1D3D16F7003E08AB /* Views */,
			);
			name = "Channel(频道)";
			path = Channel;
			sourceTree = "<group>";
		};
		C4CDFDF01D06949A0016E864 /* NetworkTools */ = {
			isa = PBXGroup;
			children = (
				C4CDFDF71D069B720016E864 /* XCURLConstantString.h */,
				C4CDFDF81D069B720016E864 /* XCURLConstantString.m */,
				C4CDFDF41D0695C80016E864 /* XCNetWorkManager.h */,
				C4CDFDF51D0695C80016E864 /* XCNetWorkManager.m */,
				C4D6D4AE1DC10D80002FDDFE /* XCResponse.h */,
				C4D6D4AF1DC10D80002FDDFE /* XCResponse.m */,
			);
			path = NetworkTools;
			sourceTree = "<group>";
		};
		C4FC4A831D10381300300CF6 /* NeswPlayer */ = {
			isa = PBXGroup;
			children = (
				C4FC4A841D10381300300CF6 /* Controllers */,
				C4FC4A851D10381300300CF6 /* Models */,
				C4FC4A861D10381300300CF6 /* Views */,
			);
			path = NeswPlayer;
			sourceTree = "<group>";
		};
		C4FC4A841D10381300300CF6 /* Controllers */ = {
			isa = PBXGroup;
			children = (
				C4FC4A8B1D10387B00300CF6 /* XCNewsViewController.h */,
				C4FC4A8C1D10387B00300CF6 /* XCNewsViewController.m */,
				C4FD08741D1D6E7300C7AA94 /* XCNewsDetialViewController.h */,
				C4FD08751D1D6E7300C7AA94 /* XCNewsDetialViewController.m */,
			);
			path = Controllers;
			sourceTree = "<group>";
		};
		C4FC4A851D10381300300CF6 /* Models */ = {
			isa = PBXGroup;
			children = (
				C4FC4A8E1D104D4200300CF6 /* XCNewsModel.h */,
				C4FC4A8F1D104D4200300CF6 /* XCNewsModel.m */,
				C49651D91D20196A009B4FD5 /* XCNewsDetialModel.h */,
				C49651DA1D20196A009B4FD5 /* XCNewsDetialModel.m */,
			);
			path = Models;
			sourceTree = "<group>";
		};
		C4FC4A861D10381300300CF6 /* Views */ = {
			isa = PBXGroup;
			children = (
				C4CE51791D1192E1006BC136 /* XCNewsTableViewCell.h */,
				C4CE517A1D1192E1006BC136 /* XCNewsTableViewCell.m */,
			);
			path = Views;
			sourceTree = "<group>";
		};
		C4FC4A871D10381300300CF6 /* VideoPlayer */ = {
			isa = PBXGroup;
			children = (
				C4864AE21D2E979800ED1469 /* Controllers */,
				C4864AE91D2E979800ED1469 /* Models */,
				C4864AEA1D2E979800ED1469 /* Views */,
			);
			path = VideoPlayer;
			sourceTree = "<group>";
		};
/* End PBXGroup section */

/* Begin PBXNativeTarget section */
		C428F2281CCCE83800E8129B /* 新城商业 */ = {
			isa = PBXNativeTarget;
			buildConfigurationList = C428F2561CCCE83800E8129B /* Build configuration list for PBXNativeTarget "新城商业" */;
			buildPhases = (
				749A476DB6F42C595B20F57A /* [CP] Check Pods Manifest.lock */,
				C428F2251CCCE83800E8129B /* Sources */,
				C428F2261CCCE83800E8129B /* Frameworks */,
				C428F2271CCCE83800E8129B /* Resources */,
				AB56DCD081EA2A4553C5FB46 /* [CP] Embed Pods Frameworks */,
				081BDDB1C6D64FE38E0D1014 /* [CP] Copy Pods Resources */,
			);
			buildRules = (
			);
			dependencies = (
			);
			name = "新城商业";
			productName = "新城商业";
			productReference = C428F2291CCCE83800E8129B /* 新城商业.app */;
			productType = "com.apple.product-type.application";
		};
		C428F2411CCCE83800E8129B /* 新城商业Tests */ = {
			isa = PBXNativeTarget;
			buildConfigurationList = C428F2591CCCE83800E8129B /* Build configuration list for PBXNativeTarget "新城商业Tests" */;
			buildPhases = (
				1F45D13FD6FEEBADD07BE4E3 /* [CP] Check Pods Manifest.lock */,
				C428F23E1CCCE83800E8129B /* Sources */,
				C428F23F1CCCE83800E8129B /* Frameworks */,
				C428F2401CCCE83800E8129B /* Resources */,
				5074C029CEA683C040464160 /* [CP] Embed Pods Frameworks */,
				8E51AD897F89571D652C5989 /* [CP] Copy Pods Resources */,
			);
			buildRules = (
			);
			dependencies = (
				C428F2441CCCE83800E8129B /* PBXTargetDependency */,
			);
			name = "新城商业Tests";
			productName = "新城商业Tests";
			productReference = C428F2421CCCE83800E8129B /* 新城商业Tests.xctest */;
			productType = "com.apple.product-type.bundle.unit-test";
		};
		C428F24C1CCCE83800E8129B /* 新城商业UITests */ = {
			isa = PBXNativeTarget;
			buildConfigurationList = C428F25C1CCCE83800E8129B /* Build configuration list for PBXNativeTarget "新城商业UITests" */;
			buildPhases = (
				0679932AD51E76F6A9E5711C /* [CP] Check Pods Manifest.lock */,
				C428F2491CCCE83800E8129B /* Sources */,
				C428F24A1CCCE83800E8129B /* Frameworks */,
				C428F24B1CCCE83800E8129B /* Resources */,
				B8DD0CB1A4492AEA91225D2A /* [CP] Copy Pods Resources */,
			);
			buildRules = (
			);
			dependencies = (
				C428F24F1CCCE83800E8129B /* PBXTargetDependency */,
			);
			name = "新城商业UITests";
			productName = "新城商业UITests";
			productReference = C428F24D1CCCE83800E8129B /* 新城商业UITests.xctest */;
			productType = "com.apple.product-type.bundle.ui-testing";
		};
/* End PBXNativeTarget section */

/* Begin PBXProject section */
		C428F2211CCCE83800E8129B /* Project object */ = {
			isa = PBXProject;
			attributes = {
				CLASSPREFIX = XC;
				LastUpgradeCheck = 0730;
				ORGANIZATIONNAME = "王潇";
				TargetAttributes = {
					C428F2281CCCE83800E8129B = {
						CreatedOnToolsVersion = 7.3;
						DevelopmentTeam = 58VU78V7N6;
					};
					C428F2411CCCE83800E8129B = {
						CreatedOnToolsVersion = 7.3;
						TestTargetID = C428F2281CCCE83800E8129B;
					};
					C428F24C1CCCE83800E8129B = {
						CreatedOnToolsVersion = 7.3;
						TestTargetID = C428F2281CCCE83800E8129B;
					};
				};
			};
			buildConfigurationList = C428F2241CCCE83800E8129B /* Build configuration list for PBXProject "新城商业" */;
			compatibilityVersion = "Xcode 3.2";
			developmentRegion = English;
			hasScannedForEncodings = 0;
			knownRegions = (
				en,
				Base,
			);
			mainGroup = C428F2201CCCE83800E8129B;
			productRefGroup = C428F22A1CCCE83800E8129B /* Products */;
			projectDirPath = "";
			projectRoot = "";
			targets = (
				C428F2281CCCE83800E8129B /* 新城商业 */,
				C428F2411CCCE83800E8129B /* 新城商业Tests */,
				C428F24C1CCCE83800E8129B /* 新城商业UITests */,
			);
		};
/* End PBXProject section */

/* Begin PBXResourcesBuildPhase section */
		C428F2271CCCE83800E8129B /* Resources */ = {
			isa = PBXResourcesBuildPhase;
			buildActionMask = 2147483647;
			files = (
				C428F23C1CCCE83800E8129B /* LaunchScreen.storyboard in Resources */,
				C428F2391CCCE83800E8129B /* Assets.xcassets in Resources */,
				C428F2371CCCE83800E8129B /* Main.storyboard in Resources */,
			);
			runOnlyForDeploymentPostprocessing = 0;
		};
		C428F2401CCCE83800E8129B /* Resources */ = {
			isa = PBXResourcesBuildPhase;
			buildActionMask = 2147483647;
			files = (
			);
			runOnlyForDeploymentPostprocessing = 0;
		};
		C428F24B1CCCE83800E8129B /* Resources */ = {
			isa = PBXResourcesBuildPhase;
			buildActionMask = 2147483647;
			files = (
			);
			runOnlyForDeploymentPostprocessing = 0;
		};
/* End PBXResourcesBuildPhase section */

/* Begin PBXShellScriptBuildPhase section */
		0679932AD51E76F6A9E5711C /* [CP] Check Pods Manifest.lock */ = {
			isa = PBXShellScriptBuildPhase;
			buildActionMask = 2147483647;
			files = (
			);
			inputPaths = (
			);
			name = "[CP] Check Pods Manifest.lock";
			outputPaths = (
			);
			runOnlyForDeploymentPostprocessing = 0;
			shellPath = /bin/sh;
			shellScript = "diff \"${PODS_ROOT}/../Podfile.lock\" \"${PODS_ROOT}/Manifest.lock\" > /dev/null\nif [[ $? != 0 ]] ; then\n    cat << EOM\nerror: The sandbox is not in sync with the Podfile.lock. Run 'pod install' or update your CocoaPods installation.\nEOM\n    exit 1\nfi\n";
			showEnvVarsInLog = 0;
		};
		081BDDB1C6D64FE38E0D1014 /* [CP] Copy Pods Resources */ = {
			isa = PBXShellScriptBuildPhase;
			buildActionMask = 2147483647;
			files = (
			);
			inputPaths = (
			);
			name = "[CP] Copy Pods Resources";
			outputPaths = (
			);
			runOnlyForDeploymentPostprocessing = 0;
			shellPath = /bin/sh;
			shellScript = "\"${SRCROOT}/Pods/Target Support Files/Pods-新城商业/Pods-新城商业-resources.sh\"\n";
			showEnvVarsInLog = 0;
		};
		1F45D13FD6FEEBADD07BE4E3 /* [CP] Check Pods Manifest.lock */ = {
			isa = PBXShellScriptBuildPhase;
			buildActionMask = 2147483647;
			files = (
			);
			inputPaths = (
			);
			name = "[CP] Check Pods Manifest.lock";
			outputPaths = (
			);
			runOnlyForDeploymentPostprocessing = 0;
			shellPath = /bin/sh;
			shellScript = "diff \"${PODS_ROOT}/../Podfile.lock\" \"${PODS_ROOT}/Manifest.lock\" > /dev/null\nif [[ $? != 0 ]] ; then\n    cat << EOM\nerror: The sandbox is not in sync with the Podfile.lock. Run 'pod install' or update your CocoaPods installation.\nEOM\n    exit 1\nfi\n";
			showEnvVarsInLog = 0;
		};
		5074C029CEA683C040464160 /* [CP] Embed Pods Frameworks */ = {
			isa = PBXShellScriptBuildPhase;
			buildActionMask = 2147483647;
			files = (
			);
			inputPaths = (
			);
			name = "[CP] Embed Pods Frameworks";
			outputPaths = (
			);
			runOnlyForDeploymentPostprocessing = 0;
			shellPath = /bin/sh;
			shellScript = "\"${SRCROOT}/Pods/Target Support Files/Pods-新城商业Tests/Pods-新城商业Tests-frameworks.sh\"\n";
			showEnvVarsInLog = 0;
		};
		749A476DB6F42C595B20F57A /* [CP] Check Pods Manifest.lock */ = {
			isa = PBXShellScriptBuildPhase;
			buildActionMask = 2147483647;
			files = (
			);
			inputPaths = (
			);
			name = "[CP] Check Pods Manifest.lock";
			outputPaths = (
			);
			runOnlyForDeploymentPostprocessing = 0;
			shellPath = /bin/sh;
			shellScript = "diff \"${PODS_ROOT}/../Podfile.lock\" \"${PODS_ROOT}/Manifest.lock\" > /dev/null\nif [[ $? != 0 ]] ; then\n    cat << EOM\nerror: The sandbox is not in sync with the Podfile.lock. Run 'pod install' or update your CocoaPods installation.\nEOM\n    exit 1\nfi\n";
			showEnvVarsInLog = 0;
		};
		8E51AD897F89571D652C5989 /* [CP] Copy Pods Resources */ = {
			isa = PBXShellScriptBuildPhase;
			buildActionMask = 2147483647;
			files = (
			);
			inputPaths = (
			);
			name = "[CP] Copy Pods Resources";
			outputPaths = (
			);
			runOnlyForDeploymentPostprocessing = 0;
			shellPath = /bin/sh;
			shellScript = "\"${SRCROOT}/Pods/Target Support Files/Pods-新城商业Tests/Pods-新城商业Tests-resources.sh\"\n";
			showEnvVarsInLog = 0;
		};
		AB56DCD081EA2A4553C5FB46 /* [CP] Embed Pods Frameworks */ = {
			isa = PBXShellScriptBuildPhase;
			buildActionMask = 2147483647;
			files = (
			);
			inputPaths = (
			);
			name = "[CP] Embed Pods Frameworks";
			outputPaths = (
			);
			runOnlyForDeploymentPostprocessing = 0;
			shellPath = /bin/sh;
			shellScript = "\"${SRCROOT}/Pods/Target Support Files/Pods-新城商业/Pods-新城商业-frameworks.sh\"\n";
			showEnvVarsInLog = 0;
		};
		B8DD0CB1A4492AEA91225D2A /* [CP] Copy Pods Resources */ = {
			isa = PBXShellScriptBuildPhase;
			buildActionMask = 2147483647;
			files = (
			);
			inputPaths = (
			);
			name = "[CP] Copy Pods Resources";
			outputPaths = (
			);
			runOnlyForDeploymentPostprocessing = 0;
			shellPath = /bin/sh;
			shellScript = "\"${SRCROOT}/Pods/Target Support Files/Pods-新城商业UITests/Pods-新城商业UITests-resources.sh\"\n";
			showEnvVarsInLog = 0;
		};
/* End PBXShellScriptBuildPhase section */

/* Begin PBXSourcesBuildPhase section */
		C428F2251CCCE83800E8129B /* Sources */ = {
			isa = PBXSourcesBuildPhase;
			buildActionMask = 2147483647;
			files = (
				C4F4A15D1D37DA3400E92E24 /* XCChannelLog.m in Sources */,
				C4A081B01DD190AA005C3E74 /* JRProgressHUD.m in Sources */,
				C42646EC1D08FEBF0063C3DD /* XCTabBarController.m in Sources */,
				C4547D361DC6069A00B9840E /* XCIconHeader.m in Sources */,
				C42646EF1D0908310063C3DD /* XCLeftBarModel.m in Sources */,
				C428F2761CCD240400E8129B /* XCBaseViewController.m in Sources */,
				C4FC4A901D104D4200300CF6 /* XCNewsModel.m in Sources */,
				C4CACE3C1D42691F000DF296 /* XCChannelCell.m in Sources */,
				C4864AEB1D2E979800ED1469 /* XCBottonExtenController.m in Sources */,
				C4D3C05F1D2EA4A6007B9803 /* XCBottomNewCell.m in Sources */,
				C436D6AF1D3254BD00B3822D /* XCChannelViewController.m in Sources */,
				C436D6AE1D3254BD00B3822D /* XCBaseChannelViewController.m in Sources */,
				C446866D1CD1FED4009FF94D /* XCBussTableViewCell.m in Sources */,
				C4BE58661D07150C00A2A4FA /* XCBussVideoModel.m in Sources */,
				C4864AED1D2E979800ED1469 /* XCPlayerViewController.m in Sources */,
				C42646EB1D08FEBF0063C3DD /* XCTabBarControl.m in Sources */,
				C4FC4A8D1D10387B00300CF6 /* XCNewsViewController.m in Sources */,
				C42646DE1D08E9370063C3DD /* NSArray+Log.m in Sources */,
				C428F27F1CCD255000E8129B /* XCDataViewController.m in Sources */,
				C428F26B1CCD12AB00E8129B /* AppDelegate.m in Sources */,
				C4FD08761D1D6E7300C7AA94 /* XCNewsDetialViewController.m in Sources */,
				C49651DB1D20196A009B4FD5 /* XCNewsDetialModel.m in Sources */,
				C4038A561DD21AEE00E593CE /* XCTableView.m in Sources */,
				C446866A1CD1FEBC009FF94D /* XCTestViewController.m in Sources */,
				C4D3C0621D2EAEA0007B9803 /* XCRightExtenController.m in Sources */,
				C4BE58631D070E5800A2A4FA /* XCBussDelegate.m in Sources */,
				C44686691CD1FEBC009FF94D /* XCBussViewController.m in Sources */,
				C45E64101CD2154100455AAF /* XCBussCollectionViewCell.m in Sources */,
				C49601C31DC3972C0080D51A /* XCXCInduModel.m in Sources */,
				C4547D391DC608AF00B9840E /* XCInduDetialModel.m in Sources */,
				C4CDFDF91D069B720016E864 /* XCURLConstantString.m in Sources */,
				C42646E11D08F88B0063C3DD /* XCBussNewsModel.m in Sources */,
				C4D3C0651D2EB4D1007B9803 /* XCRightVideo.m in Sources */,
				C4F4A15A1D37CD1700E92E24 /* XCSubChannelController.m in Sources */,
				C4864AF01D2EA03700ED1469 /* XCBottonNews.m in Sources */,
				C451DE8B1DBF974000B70A4E /* XCConstString.m in Sources */,
				C428F2851CCD256200E8129B /* XCInveViewController.m in Sources */,
				C42646EA1D08FEBF0063C3DD /* XCLeftBarControl.m in Sources */,
				C4038B6B1DC7936E0032EA7C /* XCInduContentCell.m in Sources */,
				C49601C01DC396EC0080D51A /* XCInduViewController.m in Sources */,
				C4320B4F1D3D1734003E08AB /* XCChannelHeaderView.m in Sources */,
				C4D6D4B01DC10D80002FDDFE /* XCResponse.m in Sources */,
				C4CDFDF61D0695C80016E864 /* XCNetWorkManager.m in Sources */,
				C428F22E1CCCE83800E8129B /* main.m in Sources */,
				C4CE517B1D1192E1006BC136 /* XCNewsTableViewCell.m in Sources */,
				C499AB591DCEDCFB003BCF56 /* XCInduService.m in Sources */,
				C41165EC1DC701040012F928 /* XCInduHeaderView.m in Sources */,
				C4A081A91DD18EFD005C3E74 /* XCRefreshHeader.m in Sources */,
			);
			runOnlyForDeploymentPostprocessing = 0;
		};
		C428F23E1CCCE83800E8129B /* Sources */ = {
			isa = PBXSourcesBuildPhase;
			buildActionMask = 2147483647;
			files = (
				C428F2471CCCE83800E8129B /* ____Tests.m in Sources */,
			);
			runOnlyForDeploymentPostprocessing = 0;
		};
		C428F2491CCCE83800E8129B /* Sources */ = {
			isa = PBXSourcesBuildPhase;
			buildActionMask = 2147483647;
			files = (
				C428F2521CCCE83800E8129B /* ____UITests.m in Sources */,
			);
			runOnlyForDeploymentPostprocessing = 0;
		};
/* End PBXSourcesBuildPhase section */

/* Begin PBXTargetDependency section */
		C428F2441CCCE83800E8129B /* PBXTargetDependency */ = {
			isa = PBXTargetDependency;
			target = C428F2281CCCE83800E8129B /* 新城商业 */;
			targetProxy = C428F2431CCCE83800E8129B /* PBXContainerItemProxy */;
		};
		C428F24F1CCCE83800E8129B /* PBXTargetDependency */ = {
			isa = PBXTargetDependency;
			target = C428F2281CCCE83800E8129B /* 新城商业 */;
			targetProxy = C428F24E1CCCE83800E8129B /* PBXContainerItemProxy */;
		};
/* End PBXTargetDependency section */

/* Begin PBXVariantGroup section */
		C428F2351CCCE83800E8129B /* Main.storyboard */ = {
			isa = PBXVariantGroup;
			children = (
				C428F2361CCCE83800E8129B /* Base */,
			);
			name = Main.storyboard;
			sourceTree = "<group>";
		};
		C428F23A1CCCE83800E8129B /* LaunchScreen.storyboard */ = {
			isa = PBXVariantGroup;
			children = (
				C428F23B1CCCE83800E8129B /* Base */,
			);
			name = LaunchScreen.storyboard;
			sourceTree = "<group>";
		};
/* End PBXVariantGroup section */

/* Begin XCBuildConfiguration section */
		C428F2541CCCE83800E8129B /* Debug */ = {
			isa = XCBuildConfiguration;
			buildSettings = {
				ALWAYS_SEARCH_USER_PATHS = NO;
				CLANG_ANALYZER_NONNULL = YES;
				CLANG_CXX_LANGUAGE_STANDARD = "gnu++0x";
				CLANG_CXX_LIBRARY = "libc++";
				CLANG_ENABLE_MODULES = YES;
				CLANG_ENABLE_OBJC_ARC = YES;
				CLANG_WARN_BOOL_CONVERSION = YES;
				CLANG_WARN_CONSTANT_CONVERSION = YES;
				CLANG_WARN_DIRECT_OBJC_ISA_USAGE = YES_ERROR;
				CLANG_WARN_EMPTY_BODY = YES;
				CLANG_WARN_ENUM_CONVERSION = YES;
				CLANG_WARN_INT_CONVERSION = YES;
				CLANG_WARN_OBJC_ROOT_CLASS = YES_ERROR;
				CLANG_WARN_UNREACHABLE_CODE = YES;
				CLANG_WARN__DUPLICATE_METHOD_MATCH = YES;
				"CODE_SIGN_IDENTITY[sdk=iphoneos*]" = "iPhone Developer";
				COPY_PHASE_STRIP = NO;
				DEBUG_INFORMATION_FORMAT = dwarf;
				ENABLE_STRICT_OBJC_MSGSEND = YES;
				ENABLE_TESTABILITY = YES;
				GCC_C_LANGUAGE_STANDARD = gnu99;
				GCC_DYNAMIC_NO_PIC = NO;
				GCC_NO_COMMON_BLOCKS = YES;
				GCC_OPTIMIZATION_LEVEL = 0;
				GCC_PREPROCESSOR_DEFINITIONS = (
					"DEBUG=1",
					"$(inherited)",
				);
				GCC_WARN_64_TO_32_BIT_CONVERSION = YES;
				GCC_WARN_ABOUT_RETURN_TYPE = YES_ERROR;
				GCC_WARN_UNDECLARED_SELECTOR = YES;
				GCC_WARN_UNINITIALIZED_AUTOS = YES_AGGRESSIVE;
				GCC_WARN_UNUSED_FUNCTION = YES;
				GCC_WARN_UNUSED_VARIABLE = YES;
				IPHONEOS_DEPLOYMENT_TARGET = 9.3;
				MTL_ENABLE_DEBUG_INFO = YES;
				ONLY_ACTIVE_ARCH = YES;
				SDKROOT = iphoneos;
				TARGETED_DEVICE_FAMILY = "1,2";
			};
			name = Debug;
		};
		C428F2551CCCE83800E8129B /* Release */ = {
			isa = XCBuildConfiguration;
			buildSettings = {
				ALWAYS_SEARCH_USER_PATHS = NO;
				CLANG_ANALYZER_NONNULL = YES;
				CLANG_CXX_LANGUAGE_STANDARD = "gnu++0x";
				CLANG_CXX_LIBRARY = "libc++";
				CLANG_ENABLE_MODULES = YES;
				CLANG_ENABLE_OBJC_ARC = YES;
				CLANG_WARN_BOOL_CONVERSION = YES;
				CLANG_WARN_CONSTANT_CONVERSION = YES;
				CLANG_WARN_DIRECT_OBJC_ISA_USAGE = YES_ERROR;
				CLANG_WARN_EMPTY_BODY = YES;
				CLANG_WARN_ENUM_CONVERSION = YES;
				CLANG_WARN_INT_CONVERSION = YES;
				CLANG_WARN_OBJC_ROOT_CLASS = YES_ERROR;
				CLANG_WARN_UNREACHABLE_CODE = YES;
				CLANG_WARN__DUPLICATE_METHOD_MATCH = YES;
				"CODE_SIGN_IDENTITY[sdk=iphoneos*]" = "iPhone Developer";
				COPY_PHASE_STRIP = NO;
				DEBUG_INFORMATION_FORMAT = "dwarf-with-dsym";
				ENABLE_NS_ASSERTIONS = NO;
				ENABLE_STRICT_OBJC_MSGSEND = YES;
				GCC_C_LANGUAGE_STANDARD = gnu99;
				GCC_NO_COMMON_BLOCKS = YES;
				GCC_WARN_64_TO_32_BIT_CONVERSION = YES;
				GCC_WARN_ABOUT_RETURN_TYPE = YES_ERROR;
				GCC_WARN_UNDECLARED_SELECTOR = YES;
				GCC_WARN_UNINITIALIZED_AUTOS = YES_AGGRESSIVE;
				GCC_WARN_UNUSED_FUNCTION = YES;
				GCC_WARN_UNUSED_VARIABLE = YES;
				IPHONEOS_DEPLOYMENT_TARGET = 9.3;
				MTL_ENABLE_DEBUG_INFO = NO;
				SDKROOT = iphoneos;
				TARGETED_DEVICE_FAMILY = "1,2";
				VALIDATE_PRODUCT = YES;
			};
			name = Release;
		};
		C428F2571CCCE83800E8129B /* Debug */ = {
			isa = XCBuildConfiguration;
			baseConfigurationReference = 16408EA6089B790D6C5674E5 /* Pods-新城商业.debug.xcconfig */;
			buildSettings = {
				ASSETCATALOG_COMPILER_APPICON_NAME = AppIcon;
				CODE_SIGN_IDENTITY = "iPhone Developer";
				"CODE_SIGN_IDENTITY[sdk=iphoneos*]" = "iPhone Developer";
				DEVELOPMENT_TEAM = 58VU78V7N6;
				GCC_PREFIX_HEADER = "新城商业/Classes/SupportFile/PrefixHeader.pch";
				INFOPLIST_FILE = "新城商业/Info.plist";
				IPHONEOS_DEPLOYMENT_TARGET = 8.0;
				LD_RUNPATH_SEARCH_PATHS = "$(inherited) @executable_path/Frameworks";
				PRODUCT_BUNDLE_IDENTIFIER = "jerry.----";
				PRODUCT_NAME = "$(TARGET_NAME)";
				PROVISIONING_PROFILE = "";
			};
			name = Debug;
		};
		C428F2581CCCE83800E8129B /* Release */ = {
			isa = XCBuildConfiguration;
			baseConfigurationReference = FE5D20A9E7292B3F8FB8C381 /* Pods-新城商业.release.xcconfig */;
			buildSettings = {
				ASSETCATALOG_COMPILER_APPICON_NAME = AppIcon;
				CODE_SIGN_IDENTITY = "iPhone Developer";
				"CODE_SIGN_IDENTITY[sdk=iphoneos*]" = "iPhone Developer";
				DEVELOPMENT_TEAM = 58VU78V7N6;
				GCC_PREFIX_HEADER = "新城商业/Classes/SupportFile/PrefixHeader.pch";
				INFOPLIST_FILE = "新城商业/Info.plist";
				IPHONEOS_DEPLOYMENT_TARGET = 8.0;
				LD_RUNPATH_SEARCH_PATHS = "$(inherited) @executable_path/Frameworks";
				PRODUCT_BUNDLE_IDENTIFIER = "jerry.----";
				PRODUCT_NAME = "$(TARGET_NAME)";
				PROVISIONING_PROFILE = "";
			};
			name = Release;
		};
		C428F25A1CCCE83800E8129B /* Debug */ = {
			isa = XCBuildConfiguration;
			baseConfigurationReference = 32344B1250765C7E377E683D /* Pods-新城商业Tests.debug.xcconfig */;
			buildSettings = {
				BUNDLE_LOADER = "$(TEST_HOST)";
				INFOPLIST_FILE = "新城商业Tests/Info.plist";
				LD_RUNPATH_SEARCH_PATHS = "$(inherited) @executable_path/Frameworks @loader_path/Frameworks";
				PRODUCT_BUNDLE_IDENTIFIER = "jerry.----Tests";
				PRODUCT_NAME = "$(TARGET_NAME)";
				TEST_HOST = "$(BUILT_PRODUCTS_DIR)/新城商业.app/新城商业";
			};
			name = Debug;
		};
		C428F25B1CCCE83800E8129B /* Release */ = {
			isa = XCBuildConfiguration;
			baseConfigurationReference = C9AA8843B72E70024827FCCF /* Pods-新城商业Tests.release.xcconfig */;
			buildSettings = {
				BUNDLE_LOADER = "$(TEST_HOST)";
				INFOPLIST_FILE = "新城商业Tests/Info.plist";
				LD_RUNPATH_SEARCH_PATHS = "$(inherited) @executable_path/Frameworks @loader_path/Frameworks";
				PRODUCT_BUNDLE_IDENTIFIER = "jerry.----Tests";
				PRODUCT_NAME = "$(TARGET_NAME)";
				TEST_HOST = "$(BUILT_PRODUCTS_DIR)/新城商业.app/新城商业";
			};
			name = Release;
		};
		C428F25D1CCCE83800E8129B /* Debug */ = {
			isa = XCBuildConfiguration;
			baseConfigurationReference = F51E4FC3D636DE8B0211F98F /* Pods-新城商业UITests.debug.xcconfig */;
			buildSettings = {
				INFOPLIST_FILE = "新城商业UITests/Info.plist";
				LD_RUNPATH_SEARCH_PATHS = "$(inherited) @executable_path/Frameworks @loader_path/Frameworks";
				PRODUCT_BUNDLE_IDENTIFIER = "jerry.----UITests";
				PRODUCT_NAME = "$(TARGET_NAME)";
				TEST_TARGET_NAME = "新城商业";
			};
			name = Debug;
		};
		C428F25E1CCCE83800E8129B /* Release */ = {
			isa = XCBuildConfiguration;
			baseConfigurationReference = A7C7236CBA8CA5A574626590 /* Pods-新城商业UITests.release.xcconfig */;
			buildSettings = {
				INFOPLIST_FILE = "新城商业UITests/Info.plist";
				LD_RUNPATH_SEARCH_PATHS = "$(inherited) @executable_path/Frameworks @loader_path/Frameworks";
				PRODUCT_BUNDLE_IDENTIFIER = "jerry.----UITests";
				PRODUCT_NAME = "$(TARGET_NAME)";
				TEST_TARGET_NAME = "新城商业";
			};
			name = Release;
		};
/* End XCBuildConfiguration section */

/* Begin XCConfigurationList section */
		C428F2241CCCE83800E8129B /* Build configuration list for PBXProject "新城商业" */ = {
			isa = XCConfigurationList;
			buildConfigurations = (
				C428F2541CCCE83800E8129B /* Debug */,
				C428F2551CCCE83800E8129B /* Release */,
			);
			defaultConfigurationIsVisible = 0;
			defaultConfigurationName = Release;
		};
		C428F2561CCCE83800E8129B /* Build configuration list for PBXNativeTarget "新城商业" */ = {
			isa = XCConfigurationList;
			buildConfigurations = (
				C428F2571CCCE83800E8129B /* Debug */,
				C428F2581CCCE83800E8129B /* Release */,
			);
			defaultConfigurationIsVisible = 0;
			defaultConfigurationName = Release;
		};
		C428F2591CCCE83800E8129B /* Build configuration list for PBXNativeTarget "新城商业Tests" */ = {
			isa = XCConfigurationList;
			buildConfigurations = (
				C428F25A1CCCE83800E8129B /* Debug */,
				C428F25B1CCCE83800E8129B /* Release */,
			);
			defaultConfigurationIsVisible = 0;
			defaultConfigurationName = Release;
		};
		C428F25C1CCCE83800E8129B /* Build configuration list for PBXNativeTarget "新城商业UITests" */ = {
			isa = XCConfigurationList;
			buildConfigurations = (
				C428F25D1CCCE83800E8129B /* Debug */,
				C428F25E1CCCE83800E8129B /* Release */,
			);
			defaultConfigurationIsVisible = 0;
			defaultConfigurationName = Release;
		};
/* End XCConfigurationList section */
	};
	rootObject = C428F2211CCCE83800E8129B /* Project object */;
}
